
Microsoft Visual Studio Solution File, Format Version 12.00
# Visual Studio Version 16
VisualStudioVersion = 16.0.31205.134
MinimumVisualStudioVersion = 10.0.40219.1
Project("{FAE04EC0-301F-11D3-BF4B-00C04F79EFBC}") = "ByteBank", "ByteBank\ByteBank.csproj", "{441B7A84-0A4F-4EA9-9FE5-4B0B31DC47B3}"
EndProject
Project("{FAE04EC0-301F-11D3-BF4B-00C04F79EFBC}") = "Sobrecargas", "Sobrecargas\Sobrecargas.csproj", "{3AAF6C51-7B50-48D7-BDFF-78A2A3DA947A}"
EndProject
Global
	GlobalSection(SolutionConfigurationPlatforms) = preSolution
		Debug|Any CPU = Debug|Any CPU
		Release|Any CPU = Release|Any CPU
	EndGlobalSection
	GlobalSection(ProjectConfigurationPlatforms) = postSolution
		{441B7A84-0A4F-4EA9-9FE5-4B0B31DC47B3}.Debug|Any CPU.ActiveCfg = Debug|Any CPU
		{441B7A84-0A4F-4EA9-9FE5-4B0B31DC47B3}.Debug|Any CPU.Build.0 = Debug|Any CPU
		{441B7A84-0A4F-4EA9-9FE5-4B0B31DC47B3}.Release|Any CPU.ActiveCfg = Release|Any CPU
		{441B7A84-0A4F-4EA9-9FE5-4B0B31DC47B3}.Release|Any CPU.Build.0 = Release|Any CPU
		{3AAF6C51-7B50-48D7-BDFF-78A2A3DA947A}.Debug|Any CPU.ActiveCfg = Debug|Any CPU
		{3AAF6C51-7B50-48D7-BDFF-78A2A3DA947A}.Debug|Any CPU.Build.0 = Debug|Any CPU
		{3AAF6C51-7B50-48D7-BDFF-78A2A3DA947A}.Release|Any CPU.ActiveCfg = Release|Any CPU
		{3AAF6C51-7B50-48D7-BDFF-78A2A3DA947A}.Release|Any CPU.Build.0 = Release|Any CPU
	EndGlobalSection
	GlobalSection(SolutionProperties) = preSolution
		HideSolutionNode = FALSE
	EndGlobalSection
	GlobalSection(ExtensibilityGlobals) = postSolution
		SolutionGuid = {D7B90E0D-188C-400B-9222-F9E71B7F7521}
	EndGlobalSection
EndGlobal
